{
  "nodes": {
    "colmena": {
      "inputs": {
        "flake-compat": "flake-compat",
        "nix-eval-jobs": "nix-eval-jobs",
        "nixpkgs": [
          "nixpkgs"
        ],
        "stable": "stable",
        "utils": "utils"
      },
      "locked": {
        "lastModified": 1662079751,
        "narHash": "sha256-XdhfCDhH+AYZg6uHw8Sd9+V7BmqZWZZ//99VFTrDyhM=",
        "owner": "zhaofengli",
        "repo": "colmena",
        "rev": "52b594a167266d25b13690361231acd3e731a690",
        "type": "github"
      },
      "original": {
        "owner": "zhaofengli",
        "repo": "colmena",
        "type": "github"
      }
    },
    "deploy-rs": {
      "inputs": {
        "flake-compat": "flake-compat_2",
        "nixpkgs": "nixpkgs_3",
        "utils": "utils_4"
      },
      "locked": {
        "lastModified": 1648475189,
        "narHash": "sha256-gAGAS6IagwoUr1B0ohE3iR6sZ8hP4LSqzYLC8Mq3WGU=",
        "owner": "serokell",
        "repo": "deploy-rs",
        "rev": "83e0c78291cd08cb827ba0d553ad9158ae5a95c3",
        "type": "github"
      },
      "original": {
        "id": "deploy-rs",
        "type": "indirect"
      }
    },
    "flake-compat": {
      "flake": false,
      "locked": {
        "lastModified": 1650374568,
        "narHash": "sha256-Z+s0J8/r907g149rllvwhb4pKi8Wam5ij0st8PwAh+E=",
        "owner": "edolstra",
        "repo": "flake-compat",
        "rev": "b4a34015c698c7793d592d66adbab377907a2be8",
        "type": "github"
      },
      "original": {
        "owner": "edolstra",
        "repo": "flake-compat",
        "type": "github"
      }
    },
    "flake-compat_2": {
      "flake": false,
      "locked": {
        "lastModified": 1648199409,
        "narHash": "sha256-JwPKdC2PoVBkG6E+eWw3j6BMR6sL3COpYWfif7RVb8Y=",
        "owner": "edolstra",
        "repo": "flake-compat",
        "rev": "64a525ee38886ab9028e6f61790de0832aa3ef03",
        "type": "github"
      },
      "original": {
        "owner": "edolstra",
        "repo": "flake-compat",
        "type": "github"
      }
    },
    "flake-compat_3": {
      "flake": false,
      "locked": {
        "lastModified": 1627913399,
        "narHash": "sha256-hY8g6H2KFL8ownSiFeMOjwPC8P0ueXpCVEbxgda3pko=",
        "owner": "edolstra",
        "repo": "flake-compat",
        "rev": "12c64ca55c1014cdc1b16ed5a804aa8576601ff2",
        "type": "github"
      },
      "original": {
        "id": "flake-compat",
        "type": "indirect"
      }
    },
    "flake-compat_4": {
      "flake": false,
      "locked": {
        "lastModified": 1627913399,
        "narHash": "sha256-hY8g6H2KFL8ownSiFeMOjwPC8P0ueXpCVEbxgda3pko=",
        "owner": "edolstra",
        "repo": "flake-compat",
        "rev": "12c64ca55c1014cdc1b16ed5a804aa8576601ff2",
        "type": "github"
      },
      "original": {
        "id": "flake-compat",
        "type": "indirect"
      }
    },
    "flake-utils": {
      "locked": {
        "lastModified": 1659877975,
        "narHash": "sha256-zllb8aq3YO3h8B/U0/J1WBgAL8EX5yWf5pMj3G0NAmc=",
        "owner": "numtide",
        "repo": "flake-utils",
        "rev": "c0e246b9b83f637f4681389ecabcb2681b4f3af0",
        "type": "github"
      },
      "original": {
        "owner": "numtide",
        "repo": "flake-utils",
        "type": "github"
      }
    },
    "flake-utils_2": {
      "locked": {
        "lastModified": 1644229661,
        "narHash": "sha256-1YdnJAsNy69bpcjuoKdOYQX0YxZBiCYZo4Twxerqv7k=",
        "owner": "numtide",
        "repo": "flake-utils",
        "rev": "3cecb5b042f7f209c56ffd8371b2711a290ec797",
        "type": "github"
      },
      "original": {
        "owner": "numtide",
        "repo": "flake-utils",
        "type": "github"
      }
    },
    "flake-utils_3": {
      "locked": {
        "lastModified": 1631561581,
        "narHash": "sha256-3VQMV5zvxaVLvqqUrNz3iJelLw30mIVSfZmAaauM3dA=",
        "owner": "numtide",
        "repo": "flake-utils",
        "rev": "7e5bf3925f6fbdfaf50a2a7ca0be2879c4261d19",
        "type": "github"
      },
      "original": {
        "id": "flake-utils",
        "type": "indirect"
      }
    },
    "flake-utils_4": {
      "locked": {
        "lastModified": 1631561581,
        "narHash": "sha256-3VQMV5zvxaVLvqqUrNz3iJelLw30mIVSfZmAaauM3dA=",
        "owner": "numtide",
        "repo": "flake-utils",
        "rev": "7e5bf3925f6fbdfaf50a2a7ca0be2879c4261d19",
        "type": "github"
      },
      "original": {
        "id": "flake-utils",
        "type": "indirect"
      }
    },
    "gitignore-nix": {
      "flake": false,
      "locked": {
        "lastModified": 1611672876,
        "narHash": "sha256-qHu3uZ/o9jBHiA3MEKHJ06k7w4heOhA+4HCSIvflRxo=",
        "owner": "hercules-ci",
        "repo": "gitignore.nix",
        "rev": "211907489e9f198594c0eb0ca9256a1949c9d412",
        "type": "github"
      },
      "original": {
        "owner": "hercules-ci",
        "repo": "gitignore.nix",
        "type": "github"
      }
    },
    "home-manager": {
      "inputs": {
        "nixpkgs": [
          "nixpkgs"
        ],
        "utils": "utils_2"
      },
      "locked": {
        "lastModified": 1662381277,
        "narHash": "sha256-ytrms5bE5d/XLkge/b91yLTh5iA9YuPz3Wp7/ZqWdnw=",
        "owner": "nix-community",
        "repo": "home-manager",
        "rev": "de079ec3714e7b201c17cbe03b62be8d6dc7b3c0",
        "type": "github"
      },
      "original": {
        "owner": "nix-community",
        "repo": "home-manager",
        "type": "github"
      }
    },
    "hyprland": {
      "inputs": {
        "nixpkgs": "nixpkgs",
        "wlroots": "wlroots"
      },
      "locked": {
        "lastModified": 1662378652,
        "narHash": "sha256-+GN9ZKyCh3p0fVsVYqPaq0csJlIFOohCCqG3QuQJemg=",
        "owner": "hyprwm",
        "repo": "Hyprland",
        "rev": "a74b8033ca97bdfc53a0a8aaf3aec9aec56fa410",
        "type": "github"
      },
      "original": {
        "owner": "hyprwm",
        "repo": "Hyprland",
        "type": "github"
      }
    },
    "hyprpaper": {
      "inputs": {
        "nixpkgs": [
          "nixpkgs"
        ]
      },
      "locked": {
        "lastModified": 1661277513,
        "narHash": "sha256-MnSImhrvAwpGXC85u8juDgTImcrztJ2DEo8nRBhTMfY=",
        "owner": "hyprwm",
        "repo": "hyprpaper",
        "rev": "0faf74054136bb4ffe7c13fefb18ab41dbf62959",
        "type": "github"
      },
      "original": {
        "owner": "hyprwm",
        "repo": "hyprpaper",
        "type": "github"
      }
    },
    "lowdown-src": {
      "flake": false,
      "locked": {
        "lastModified": 1632468475,
        "narHash": "sha256-NNOm9CbdA8cuwbvaBHslGbPTiU6bh1Ao+MpEPx4rSGo=",
        "owner": "kristapsdz",
        "repo": "lowdown",
        "rev": "6bd668af3fd098bdd07a1bedd399564141e275da",
        "type": "github"
      },
      "original": {
        "owner": "kristapsdz",
        "repo": "lowdown",
        "type": "github"
      }
    },
    "lowdown-src_2": {
      "flake": false,
      "locked": {
        "lastModified": 1632468475,
        "narHash": "sha256-NNOm9CbdA8cuwbvaBHslGbPTiU6bh1Ao+MpEPx4rSGo=",
        "owner": "kristapsdz",
        "repo": "lowdown",
        "rev": "6bd668af3fd098bdd07a1bedd399564141e275da",
        "type": "github"
      },
      "original": {
        "owner": "kristapsdz",
        "repo": "lowdown",
        "type": "github"
      }
    },
    "minecraft-servers": {
      "inputs": {
        "nixpkgs": [
          "nixpkgs"
        ],
        "utils": "utils_3"
      },
      "locked": {
        "lastModified": 1662169888,
        "narHash": "sha256-vXcEbRINemb+ype/JQohaU8TyzUbclOFwiv+soYn6wI=",
        "owner": "jyooru",
        "repo": "nix-minecraft-servers",
        "rev": "7921fbc0656f8e8c5a95f1142aaf07bf6253aa55",
        "type": "github"
      },
      "original": {
        "owner": "jyooru",
        "repo": "nix-minecraft-servers",
        "type": "github"
      }
    },
    "nix": {
      "inputs": {
        "lowdown-src": "lowdown-src",
        "nixpkgs": "nixpkgs_4"
      },
      "locked": {
        "lastModified": 1633098935,
        "narHash": "sha256-UtuBczommNLwUNEnfRI7822z4vPA7OoRKsgAZ8zsHQI=",
        "owner": "nixos",
        "repo": "nix",
        "rev": "4f496150eb4e0012914c11f0a3ff4df2412b1d09",
        "type": "github"
      },
      "original": {
        "id": "nix",
        "type": "indirect"
      }
    },
    "nix-eval-jobs": {
      "inputs": {
        "flake-utils": "flake-utils",
        "nixpkgs": [
          "colmena",
          "nixpkgs"
        ]
      },
      "locked": {
        "lastModified": 1660713017,
        "narHash": "sha256-w6KLNkT/2fI7UvPg3NoKj7gve4CgUHpyWOFq0BUwW7o=",
        "owner": "zhaofengli",
        "repo": "nix-eval-jobs",
        "rev": "b4c078a4870c5b1a5b74420ca1dca41f4d75b7cc",
        "type": "github"
      },
      "original": {
        "owner": "zhaofengli",
        "ref": "colmena",
        "repo": "nix-eval-jobs",
        "type": "github"
      }
    },
    "nix_2": {
      "inputs": {
        "lowdown-src": "lowdown-src_2",
        "nixpkgs": "nixpkgs_5"
      },
      "locked": {
        "lastModified": 1633098935,
        "narHash": "sha256-UtuBczommNLwUNEnfRI7822z4vPA7OoRKsgAZ8zsHQI=",
        "owner": "nixos",
        "repo": "nix",
        "rev": "4f496150eb4e0012914c11f0a3ff4df2412b1d09",
        "type": "github"
      },
      "original": {
        "id": "nix",
        "type": "indirect"
      }
    },
    "nixpkgs": {
      "locked": {
        "lastModified": 1661931183,
        "narHash": "sha256-0+2KzcexiJCB3Il5t7cZAM2RXNRfm5/gMCwhcZJxLuQ=",
        "owner": "NixOS",
        "repo": "nixpkgs",
        "rev": "97747d3209efde533f7b1b28f1be11619f556a06",
        "type": "github"
      },
      "original": {
        "owner": "NixOS",
        "ref": "nixos-unstable",
        "repo": "nixpkgs",
        "type": "github"
      }
    },
    "nixpkgs_2": {
      "locked": {
        "lastModified": 1662296777,
        "narHash": "sha256-NE/f95zRetFGw+H5fpvB3ye9AM72mc9x/71YL9Fkzpk=",
        "owner": "NULLx76",
        "repo": "nixpkgs",
        "rev": "e027345597b2a62e38f31d76fa71efccf5cbd8a2",
        "type": "github"
      },
      "original": {
        "owner": "NULLx76",
        "ref": "0x76",
        "repo": "nixpkgs",
        "type": "github"
      }
    },
    "nixpkgs_3": {
      "locked": {
        "lastModified": 1648219316,
        "narHash": "sha256-Ctij+dOi0ZZIfX5eMhgwugfvB+WZSrvVNAyAuANOsnQ=",
        "owner": "NixOS",
        "repo": "nixpkgs",
        "rev": "30d3d79b7d3607d56546dd2a6b49e156ba0ec634",
        "type": "github"
      },
      "original": {
        "owner": "NixOS",
        "ref": "nixpkgs-unstable",
        "repo": "nixpkgs",
        "type": "github"
      }
    },
    "nixpkgs_4": {
      "locked": {
        "lastModified": 1632864508,
        "narHash": "sha256-d127FIvGR41XbVRDPVvozUPQ/uRHbHwvfyKHwEt5xFM=",
        "owner": "NixOS",
        "repo": "nixpkgs",
        "rev": "82891b5e2c2359d7e58d08849e4c89511ab94234",
        "type": "github"
      },
      "original": {
        "id": "nixpkgs",
        "ref": "nixos-21.05-small",
        "type": "indirect"
      }
    },
    "nixpkgs_5": {
      "locked": {
        "lastModified": 1632864508,
        "narHash": "sha256-d127FIvGR41XbVRDPVvozUPQ/uRHbHwvfyKHwEt5xFM=",
        "owner": "NixOS",
        "repo": "nixpkgs",
        "rev": "82891b5e2c2359d7e58d08849e4c89511ab94234",
        "type": "github"
      },
      "original": {
        "id": "nixpkgs",
        "ref": "nixos-21.05-small",
        "type": "indirect"
      }
    },
    "root": {
      "inputs": {
        "colmena": "colmena",
        "home-manager": "home-manager",
        "hyprland": "hyprland",
        "hyprpaper": "hyprpaper",
        "minecraft-servers": "minecraft-servers",
        "nixpkgs": "nixpkgs_2",
        "serokell-nix": "serokell-nix",
        "vault-secrets": "vault-secrets"
      }
    },
    "serokell-nix": {
      "inputs": {
        "deploy-rs": "deploy-rs",
        "flake-compat": "flake-compat_3",
        "flake-utils": "flake-utils_3",
        "gitignore-nix": "gitignore-nix",
        "nix": "nix",
        "nixpkgs": [
          "nixpkgs"
        ]
      },
      "locked": {
        "lastModified": 1661942860,
        "narHash": "sha256-HHEAjAh/yx7h6RWQ6sYgnwZ0LJ4eut3y32vO/pD7Gjw=",
        "owner": "serokell",
        "repo": "serokell.nix",
        "rev": "8c69cd4712106631f46eebd4815515b169aa37aa",
        "type": "github"
      },
      "original": {
        "owner": "serokell",
        "repo": "serokell.nix",
        "type": "github"
      }
    },
    "stable": {
      "locked": {
        "lastModified": 1660496378,
        "narHash": "sha256-sgAhmrC1iSnl5T2VPPiMpciH1aRw5c7PYEdXX6jd6Gk=",
        "owner": "NixOS",
        "repo": "nixpkgs",
        "rev": "879121648fe522b38cc1cf75aef160a14a1f2e7b",
        "type": "github"
      },
      "original": {
        "owner": "NixOS",
        "ref": "nixos-22.05",
        "repo": "nixpkgs",
        "type": "github"
      }
    },
    "utils": {
      "locked": {
        "lastModified": 1659877975,
        "narHash": "sha256-zllb8aq3YO3h8B/U0/J1WBgAL8EX5yWf5pMj3G0NAmc=",
        "owner": "numtide",
        "repo": "flake-utils",
        "rev": "c0e246b9b83f637f4681389ecabcb2681b4f3af0",
        "type": "github"
      },
      "original": {
        "owner": "numtide",
        "repo": "flake-utils",
        "type": "github"
      }
    },
    "utils_2": {
      "locked": {
        "lastModified": 1653893745,
        "narHash": "sha256-0jntwV3Z8//YwuOjzhV2sgJJPt+HY6KhU7VZUL0fKZQ=",
        "owner": "numtide",
        "repo": "flake-utils",
        "rev": "1ed9fb1935d260de5fe1c2f7ee0ebaae17ed2fa1",
        "type": "github"
      },
      "original": {
        "owner": "numtide",
        "repo": "flake-utils",
        "type": "github"
      }
    },
    "utils_3": {
      "inputs": {
        "flake-utils": "flake-utils_2"
      },
      "locked": {
        "lastModified": 1657226504,
        "narHash": "sha256-GIYNjuq4mJlFgqKsZ+YrgzWm0IpA4axA3MCrdKYj7gs=",
        "owner": "gytis-ivaskevicius",
        "repo": "flake-utils-plus",
        "rev": "2bf0f91643c2e5ae38c1b26893ac2927ac9bd82a",
        "type": "github"
      },
      "original": {
        "owner": "gytis-ivaskevicius",
        "repo": "flake-utils-plus",
        "type": "github"
      }
    },
    "utils_4": {
      "locked": {
        "lastModified": 1648297722,
        "narHash": "sha256-W+qlPsiZd8F3XkzXOzAoR+mpFqzm3ekQkJNa+PIh1BQ=",
        "owner": "numtide",
        "repo": "flake-utils",
        "rev": "0f8662f1319ad6abf89b3380dd2722369fc51ade",
        "type": "github"
      },
      "original": {
        "owner": "numtide",
        "repo": "flake-utils",
        "type": "github"
      }
    },
    "vault-secrets": {
      "inputs": {
        "flake-compat": "flake-compat_4",
        "flake-utils": "flake-utils_4",
        "nix": "nix_2",
        "nixpkgs": [
          "nixpkgs"
        ]
      },
      "locked": {
        "lastModified": 1655914948,
        "narHash": "sha256-9/NrBoUoVXUSVl6wnbEqrtgs1Yr1Bl/j0WYz7ANZ9tk=",
        "owner": "serokell",
        "repo": "vault-secrets",
        "rev": "4b8608e48c6748382fa32131d69c2f01a48874ed",
        "type": "github"
      },
      "original": {
        "owner": "serokell",
        "repo": "vault-secrets",
        "type": "github"
      }
    },
    "wlroots": {
      "flake": false,
      "locked": {
        "host": "gitlab.freedesktop.org",
        "lastModified": 1661882030,
        "narHash": "sha256-Kw0MG4rXdTnbndVLLCNwkXDmNszwdQZmm7pwI1R3Kds=",
        "owner": "wlroots",
        "repo": "wlroots",
        "rev": "fd0b0276c9ecc159549acff48b932b83ec3b4f12",
        "type": "gitlab"
      },
      "original": {
        "host": "gitlab.freedesktop.org",
        "owner": "wlroots",
        "repo": "wlroots",
        "type": "gitlab"
      }
    }
  },
  "root": "root",
  "version": 7
}
